#MicroXplorer Configuration settings - do not modify
CAD.formats=
CAD.pinconfig=
CAD.provider=
CORTEX_M7.AccessPermission-Cortex_Memory_Protection_Unit_Region0_Settings=MPU_REGION_NO_ACCESS
CORTEX_M7.AccessPermission-Cortex_Memory_Protection_Unit_Region1_Settings=MPU_REGION_FULL_ACCESS
CORTEX_M7.BaseAddress-Cortex_Memory_Protection_Unit_Region0_Settings=0
CORTEX_M7.BaseAddress-Cortex_Memory_Protection_Unit_Region1_Settings=0x20027000
CORTEX_M7.CPU_DCache=Enabled
CORTEX_M7.CPU_ICache=Enabled
CORTEX_M7.DisableExec-Cortex_Memory_Protection_Unit_Region0_Settings=MPU_INSTRUCTION_ACCESS_DISABLE
CORTEX_M7.DisableExec-Cortex_Memory_Protection_Unit_Region1_Settings=MPU_INSTRUCTION_ACCESS_DISABLE
CORTEX_M7.Enable-Cortex_Memory_Protection_Unit_Region0_Settings=MPU_REGION_ENABLE
CORTEX_M7.Enable-Cortex_Memory_Protection_Unit_Region1_Settings=MPU_REGION_ENABLE
CORTEX_M7.IPParameters=CPU_ICache,CPU_DCache,MPU_Control,Enable-Cortex_Memory_Protection_Unit_Region0_Settings,Size-Cortex_Memory_Protection_Unit_Region0_Settings,TypeExtField-Cortex_Memory_Protection_Unit_Region0_Settings,AccessPermission-Cortex_Memory_Protection_Unit_Region0_Settings,SubRegionDisable-Cortex_Memory_Protection_Unit_Region0_Settings,BaseAddress-Cortex_Memory_Protection_Unit_Region0_Settings,Enable-Cortex_Memory_Protection_Unit_Region1_Settings,BaseAddress-Cortex_Memory_Protection_Unit_Region1_Settings,Size-Cortex_Memory_Protection_Unit_Region1_Settings,TypeExtField-Cortex_Memory_Protection_Unit_Region1_Settings,AccessPermission-Cortex_Memory_Protection_Unit_Region1_Settings,DisableExec-Cortex_Memory_Protection_Unit_Region1_Settings,IsShareable-Cortex_Memory_Protection_Unit_Region0_Settings,DisableExec-Cortex_Memory_Protection_Unit_Region0_Settings
CORTEX_M7.IsShareable-Cortex_Memory_Protection_Unit_Region0_Settings=MPU_ACCESS_SHAREABLE
CORTEX_M7.MPU_Control=MPU_HFNMI_PRIVDEF
CORTEX_M7.Size-Cortex_Memory_Protection_Unit_Region0_Settings=MPU_REGION_SIZE_4GB
CORTEX_M7.Size-Cortex_Memory_Protection_Unit_Region1_Settings=MPU_REGION_SIZE_32KB
CORTEX_M7.SubRegionDisable-Cortex_Memory_Protection_Unit_Region0_Settings=0x87
CORTEX_M7.TypeExtField-Cortex_Memory_Protection_Unit_Region0_Settings=MPU_TEX_LEVEL0
CORTEX_M7.TypeExtField-Cortex_Memory_Protection_Unit_Region1_Settings=MPU_TEX_LEVEL1
File.Version=6
GPIO.groupedBy=Group By Peripherals
KeepUserPlacement=false
Mcu.CPN=STM32F769NIH6
Mcu.Family=STM32F7
Mcu.IP0=CORTEX_M7
Mcu.IP1=NVIC
Mcu.IP2=RCC
Mcu.IP3=SYS
Mcu.IP4=USB_OTG_HS
Mcu.IPNb=5
Mcu.Name=STM32F769NIHx
Mcu.Package=TFBGA216
Mcu.Pin0=PB5
Mcu.Pin1=PJ13
Mcu.Pin10=PC0
Mcu.Pin11=PJ5
Mcu.Pin12=PA5
Mcu.Pin13=PB10
Mcu.Pin14=PA3
Mcu.Pin15=PB1
Mcu.Pin16=PB0
Mcu.Pin17=PB11
Mcu.Pin18=VP_SYS_VS_Systick
Mcu.Pin19=VP_STMicroelectronics.X-CUBE-AZRTOS-H7_VS_USBJjUSBX_6.4.0_4.0.0
Mcu.Pin2=PA10
Mcu.Pin3=PA9
Mcu.Pin4=PI11
Mcu.Pin5=PH0/OSC_IN
Mcu.Pin6=PH1/OSC_OUT
Mcu.Pin7=PH4
Mcu.Pin8=PB13
Mcu.Pin9=PB12
Mcu.PinsNb=20
Mcu.ThirdParty0=STMicroelectronics.X-CUBE-AZRTOS-H7.4.0.0
Mcu.ThirdPartyNb=1
Mcu.UserConstants=
Mcu.UserName=STM32F769NIHx
MxCube.Version=6.15.0
MxDb.Version=DB.6.0.150
NVIC.BusFault_IRQn=true\:0\:0\:false\:false\:true\:false\:false\:false
NVIC.DebugMonitor_IRQn=true\:0\:0\:false\:false\:true\:false\:false\:false
NVIC.ForceEnableDMAVector=true
NVIC.HardFault_IRQn=true\:0\:0\:false\:false\:true\:false\:false\:false
NVIC.MemoryManagement_IRQn=true\:0\:0\:false\:false\:true\:false\:false\:false
NVIC.NonMaskableInt_IRQn=true\:0\:0\:false\:false\:true\:false\:false\:false
NVIC.OTG_HS_IRQn=true\:7\:0\:true\:false\:true\:true\:true\:true
NVIC.PendSV_IRQn=true\:0\:0\:false\:false\:false\:false\:false\:false
NVIC.PriorityGroup=NVIC_PRIORITYGROUP_4
NVIC.SVCall_IRQn=true\:0\:0\:false\:false\:false\:false\:false\:false
NVIC.SysTick_IRQn=true\:0\:0\:false\:false\:true\:false\:true\:false
NVIC.UsageFault_IRQn=true\:0\:0\:false\:false\:true\:false\:false\:false
PA10.Locked=true
PA10.Signal=USART1_RX
PA3.Mode=Device_HS
PA3.Signal=USB_OTG_HS_ULPI_D0
PA5.Mode=Device_HS
PA5.Signal=USB_OTG_HS_ULPI_CK
PA9.Locked=true
PA9.Signal=USART1_TX
PB0.Mode=Device_HS
PB0.Signal=USB_OTG_HS_ULPI_D1
PB1.Mode=Device_HS
PB1.Signal=USB_OTG_HS_ULPI_D2
PB10.Mode=Device_HS
PB10.Signal=USB_OTG_HS_ULPI_D3
PB11.Mode=Device_HS
PB11.Signal=USB_OTG_HS_ULPI_D4
PB12.Mode=Device_HS
PB12.Signal=USB_OTG_HS_ULPI_D5
PB13.Mode=Device_HS
PB13.Signal=USB_OTG_HS_ULPI_D6
PB5.Mode=Device_HS
PB5.Signal=USB_OTG_HS_ULPI_D7
PC0.Mode=Device_HS
PC0.Signal=USB_OTG_HS_ULPI_STP
PH0/OSC_IN.Mode=HSE-External-Oscillator
PH0/OSC_IN.Signal=RCC_OSC_IN
PH1/OSC_OUT.Mode=HSE-External-Oscillator
PH1/OSC_OUT.Signal=RCC_OSC_OUT
PH4.Mode=Device_HS
PH4.Signal=USB_OTG_HS_ULPI_NXT
PI11.Mode=Device_HS
PI11.Signal=USB_OTG_HS_ULPI_DIR
PJ13.GPIOParameters=GPIO_Speed,GPIO_PuPd
PJ13.GPIO_PuPd=GPIO_PULLUP
PJ13.GPIO_Speed=GPIO_SPEED_FREQ_HIGH
PJ13.Locked=true
PJ13.Signal=GPIO_Output
PJ5.GPIOParameters=GPIO_Speed,GPIO_PuPd,GPIO_ModeDefaultOutputPP
PJ5.GPIO_ModeDefaultOutputPP=GPIO_MODE_OUTPUT_PP
PJ5.GPIO_PuPd=GPIO_PULLUP
PJ5.GPIO_Speed=GPIO_SPEED_FREQ_HIGH
PJ5.Locked=true
PJ5.Signal=GPIO_Output
PinOutPanel.CurrentBGAView=Top
PinOutPanel.RotationAngle=0
ProjectManager.AskForMigrate=true
ProjectManager.BackupPrevious=false
ProjectManager.CompilerLinker=GCC
ProjectManager.CompilerOptimize=6
ProjectManager.ComputerToolchain=false
ProjectManager.CoupleFile=true
ProjectManager.CustomerFirmwarePackage=..\\..\\..\\..\\..
ProjectManager.DefaultFWLocation=false
ProjectManager.DeletePrevious=true
ProjectManager.DeviceId=STM32F769NIHx
ProjectManager.FirmwarePackage=STM32Cube FW_F7 V1.17.3
ProjectManager.FreePins=false
ProjectManager.HalAssertFull=false
ProjectManager.HeapSize=0x200
ProjectManager.KeepUserCode=true
ProjectManager.LastFirmware=true
ProjectManager.LibraryCopy=2
ProjectManager.MainLocation=Core/Src
ProjectManager.NoMain=false
ProjectManager.PreviousToolchain=
ProjectManager.ProjectBuild=false
ProjectManager.ProjectFileName=Ux_Device_UAC10.ioc
ProjectManager.ProjectName=Ux_Device_UAC10
ProjectManager.ProjectStructure=
ProjectManager.RegisterCallBack=
ProjectManager.StackSize=0x400
ProjectManager.TargetToolchain=EWARM V8.50
ProjectManager.ToolChainLocation=
ProjectManager.UAScriptAfterPath=
ProjectManager.UAScriptBeforePath=
ProjectManager.UnderRoot=false
ProjectManager.functionlistsort=1-SystemClock_Config-RCC-false-HAL-false,2-MX_GPIO_Init-GPIO-false-HAL-true,3-MX_USB_OTG_HS_PCD_Init-USB_OTG_HS-true-HAL-false,0-MX_CORTEX_M7_Init-CORTEX_M7-false-HAL-true
RCC.AHBFreq_Value=216000000
RCC.APB1CLKDivider=RCC_HCLK_DIV4
RCC.APB1Freq_Value=54000000
RCC.APB1TimFreq_Value=216000000
RCC.APB2CLKDivider=RCC_HCLK_DIV2
RCC.APB2Freq_Value=108000000
RCC.APB2TimFreq_Value=216000000
RCC.CECFreq_Value=32786.88524590164
RCC.CortexFreq_Value=216000000
RCC.DFSDMAudioFreq_Value=96000000
RCC.DFSDMFreq_Value=108000000
RCC.DSIFreq_Value=62500000
RCC.DSITXEscFreq_Value=15625000
RCC.EthernetFreq_Value=216000000
RCC.FCLKCortexFreq_Value=216000000
RCC.FamilyName=M
RCC.HCLKFreq_Value=216000000
RCC.HSE_VALUE=25000000
RCC.HSI_VALUE=16000000
RCC.I2C1Freq_Value=54000000
RCC.I2C2Freq_Value=54000000
RCC.I2C3Freq_Value=54000000
RCC.I2C4Freq_Value=54000000
RCC.I2SFreq_Value=96000000
RCC.IPParameters=AHBFreq_Value,APB1CLKDivider,APB1Freq_Value,APB1TimFreq_Value,APB2CLKDivider,APB2Freq_Value,APB2TimFreq_Value,CECFreq_Value,CortexFreq_Value,DFSDMAudioFreq_Value,DFSDMFreq_Value,DSIFreq_Value,DSITXEscFreq_Value,EthernetFreq_Value,FCLKCortexFreq_Value,FamilyName,HCLKFreq_Value,HSE_VALUE,HSI_VALUE,I2C1Freq_Value,I2C2Freq_Value,I2C3Freq_Value,I2C4Freq_Value,I2SFreq_Value,LCDTFTFreq_Value,LPTIM1Freq_Value,LSE_VALUE,LSI_VALUE,MCO2PinFreq_Value,PLLCLKFreq_Value,PLLDSIVCOFreq_Value,PLLI2SPCLKFreq_Value,PLLI2SQCLKFreq_Value,PLLI2SRCLKFreq_Value,PLLI2SRoutputFreq_Value,PLLM,PLLN,PLLQCLKFreq_Value,PLLQoutputFreq_Value,PLLRFreq_Value,PLLSAIPCLKFreq_Value,PLLSAIQCLKFreq_Value,PLLSAIRCLKFreq_Value,PLLSAIoutputFreq_Value,PLLSourceVirtual,RCC_TIM_PRescaler_Selection,RNGFreq_Value,SAI1Freq_Value,SAI2Freq_Value,SDMMC2Freq_Value,SDMMCFreq_Value,SPDIFRXFreq_Value,SYSCLKFreq_VALUE,SYSCLKSource,UART4Freq_Value,UART5Freq_Value,UART7Freq_Value,UART8Freq_Value,USART1Freq_Value,USART2Freq_Value,USART3Freq_Value,USART6Freq_Value,USBFreq_Value,VCOI2SOutputFreq_Value,VCOInputFreq_Value,VCOOutputFreq_Value,VCOSAIOutputFreq_Value
RCC.LCDTFTFreq_Value=48000000
RCC.LPTIM1Freq_Value=54000000
RCC.LSE_VALUE=32768
RCC.LSI_VALUE=32000
RCC.MCO2PinFreq_Value=216000000
RCC.PLLCLKFreq_Value=216000000
RCC.PLLDSIVCOFreq_Value=1000000000
RCC.PLLI2SPCLKFreq_Value=96000000
RCC.PLLI2SQCLKFreq_Value=96000000
RCC.PLLI2SRCLKFreq_Value=96000000
RCC.PLLI2SRoutputFreq_Value=96000000
RCC.PLLM=25
RCC.PLLN=432
RCC.PLLQCLKFreq_Value=216000000
RCC.PLLQoutputFreq_Value=216000000
RCC.PLLRFreq_Value=216000000
RCC.PLLSAIPCLKFreq_Value=96000000
RCC.PLLSAIQCLKFreq_Value=96000000
RCC.PLLSAIRCLKFreq_Value=96000000
RCC.PLLSAIoutputFreq_Value=96000000
RCC.PLLSourceVirtual=RCC_PLLSOURCE_HSE
RCC.RCC_TIM_PRescaler_Selection=RCC_TIMPRES_ACTIVATED
RCC.RNGFreq_Value=216000000
RCC.SAI1Freq_Value=96000000
RCC.SAI2Freq_Value=96000000
RCC.SDMMC2Freq_Value=216000000
RCC.SDMMCFreq_Value=216000000
RCC.SPDIFRXFreq_Value=96000000
RCC.SYSCLKFreq_VALUE=216000000
RCC.SYSCLKSource=RCC_SYSCLKSOURCE_PLLCLK
RCC.UART4Freq_Value=54000000
RCC.UART5Freq_Value=54000000
RCC.UART7Freq_Value=54000000
RCC.UART8Freq_Value=54000000
RCC.USART1Freq_Value=108000000
RCC.USART2Freq_Value=54000000
RCC.USART3Freq_Value=54000000
RCC.USART6Freq_Value=108000000
RCC.USBFreq_Value=216000000
RCC.VCOI2SOutputFreq_Value=192000000
RCC.VCOInputFreq_Value=1000000
RCC.VCOOutputFreq_Value=432000000
RCC.VCOSAIOutputFreq_Value=192000000
STMicroelectronics.X-CUBE-AZRTOS-H7.4.0.0.IPParameters=USBXCcUSBJjUSBXJjUXOoDeviceOoControllers,USBXCcUSBJjUSBXJjCoreSystem,USBXCcUSBJjUSBXJjUXOoDeviceOoCoreStack,USBXCcUSBJjUSBXJjUXOoDeviceOoClassOoAUDIOOoCore,USBXCcUSBJjUSBXJjUXOoDeviceOoClassOoAUDIOOoPlayback,UX_DEVICE_APP_MEM_POOL_SIZE_STANDLONE,USBX_DEVICE_SYS_SIZE,USBD_PRODUCT_STRING,USBD_SERIAL_NUMBER,USBD_VID,USBD_PID
STMicroelectronics.X-CUBE-AZRTOS-H7.4.0.0.USBD_PID=0x5408
STMicroelectronics.X-CUBE-AZRTOS-H7.4.0.0.USBD_PRODUCT_STRING=STM32 UAC 1.0
STMicroelectronics.X-CUBE-AZRTOS-H7.4.0.0.USBD_SERIAL_NUMBER=UAC10_SPEAKER001
STMicroelectronics.X-CUBE-AZRTOS-H7.4.0.0.USBD_VID=0x0483
STMicroelectronics.X-CUBE-AZRTOS-H7.4.0.0.USBJjUSBX_Checked=true
STMicroelectronics.X-CUBE-AZRTOS-H7.4.0.0.USBXCcUSBJjUSBXJjCoreSystem=true
STMicroelectronics.X-CUBE-AZRTOS-H7.4.0.0.USBXCcUSBJjUSBXJjUXOoDeviceOoClassOoAUDIOOoCore=true
STMicroelectronics.X-CUBE-AZRTOS-H7.4.0.0.USBXCcUSBJjUSBXJjUXOoDeviceOoClassOoAUDIOOoPlayback=true
STMicroelectronics.X-CUBE-AZRTOS-H7.4.0.0.USBXCcUSBJjUSBXJjUXOoDeviceOoControllers=true
STMicroelectronics.X-CUBE-AZRTOS-H7.4.0.0.USBXCcUSBJjUSBXJjUXOoDeviceOoCoreStack=true
STMicroelectronics.X-CUBE-AZRTOS-H7.4.0.0.USBX_DEVICE_SYS_SIZE=15*1024
STMicroelectronics.X-CUBE-AZRTOS-H7.4.0.0.UX_DEVICE_APP_MEM_POOL_SIZE_STANDLONE=20*1024
STMicroelectronics.X-CUBE-AZRTOS-H7.4.0.0_IsAnAzureRtosMw=true
STMicroelectronics.X-CUBE-AZRTOS-H7.4.0.0_SwParameter=USBXCcUSBJjUSBXJjUXOoDeviceOoControllers\:true;USBXCcUSBJjUSBXJjCoreSystem\:true;USBXCcUSBJjUSBXJjUXOoDeviceOoCoreStack\:true;USBXCcUSBJjUSBXJjUXOoDeviceOoClassOoAUDIOOoCore\:true;USBXCcUSBJjUSBXJjUXOoDeviceOoClassOoAUDIOOoPlayback\:true;
USB_OTG_HS.DeviceSpeed-Device_HS=PCD_SPEED_FULL
USB_OTG_HS.IPParameters=VirtualMode-Device_HS,dma_enable-Device_HS,DeviceSpeed-Device_HS
USB_OTG_HS.VirtualMode-Device_HS=Device_HS
USB_OTG_HS.dma_enable-Device_HS=DISABLE
VP_STMicroelectronics.X-CUBE-AZRTOS-H7_VS_USBJjUSBX_6.4.0_4.0.0.Mode=USBJjUSBX
VP_STMicroelectronics.X-CUBE-AZRTOS-H7_VS_USBJjUSBX_6.4.0_4.0.0.Signal=STMicroelectronics.X-CUBE-AZRTOS-H7_VS_USBJjUSBX_6.4.0_4.0.0
VP_SYS_VS_Systick.Mode=SysTick
VP_SYS_VS_Systick.Signal=SYS_VS_Systick
board=custom
